
Microsoft Visual Studio Solution File, Format Version 12.00
# Visual Studio 15
VisualStudioVersion = 15.0.27703.2026
MinimumVisualStudioVersion = 10.0.40219.1
Project("{FAE04EC0-301F-11D3-BF4B-00C04F79EFBC}") = "YAMBOLY.PORTALADMINISTRADOR", "YAMBOLY.PORTALADMINISTRADOR\YAMBOLY.PORTALADMINISTRADOR.csproj", "{0A36DB95-F855-4869-AFB6-F553F2EFA83A}"
EndProject
Project("{FAE04EC0-301F-11D3-BF4B-00C04F79EFBC}") = "YAMBOLY.PORTALADMINISTRADOR.DATAAACCESS", "YAMBOLY.PORTALADMINISTRADOR.DATAAACCESS\YAMBOLY.PORTALADMINISTRADOR.DATAAACCESS.csproj", "{01132EBA-6A8D-4FF3-A47E-B7550466C3D8}"
EndProject
Project("{FAE04EC0-301F-11D3-BF4B-00C04F79EFBC}") = "YAMBOLY.PORTALADMINISTRADOR.MODEL", "YAMBOLY.PORTALADMINISTRADOR.MODEL\YAMBOLY.PORTALADMINISTRADOR.MODEL.csproj", "{BE09D022-C81D-49B3-B6A5-225DEA39EBEB}"
EndProject
Project("{FAE04EC0-301F-11D3-BF4B-00C04F79EFBC}") = "YAMBOLY.PORTALADMINISTRADOR.VIEWMODEL", "YAMBOLY.PORTALADMINISTRADOR.VIEWMODEL\YAMBOLY.PORTALADMINISTRADOR.VIEWMODEL.csproj", "{1A15690A-98AA-4D69-B319-3BF89E70F09F}"
EndProject
Project("{FAE04EC0-301F-11D3-BF4B-00C04F79EFBC}") = "YAMBOLY.PORTALADMINISTRADOR.HELPER", "YAMBOLY.PORTALADMINISTRADOR.HELPER\YAMBOLY.PORTALADMINISTRADOR.HELPER.csproj", "{3AA328A4-C3B4-4C2D-BADE-9CF4955135D1}"
EndProject
Project("{FAE04EC0-301F-11D3-BF4B-00C04F79EFBC}") = "YAMBOLY.PORTALADMINISTRADOR.LOGIC", "YAMBOLY.PORTALADMINISTRADOR.LOGIC\YAMBOLY.PORTALADMINISTRADOR.LOGIC.csproj", "{1B7806E5-E490-4174-ABB4-B6A62DFA6108}"
EndProject
Project("{FAE04EC0-301F-11D3-BF4B-00C04F79EFBC}") = "YAMBOLY.PORTALADMINISTRADOR.EXCEPTION", "YAMBOLY.PORTALADMINISTRADOR.EXCEPTION\YAMBOLY.PORTALADMINISTRADOR.EXCEPTION.csproj", "{AB7F6A00-5682-4079-B658-D8393B668F0B}"
EndProject
Project("{FAE04EC0-301F-11D3-BF4B-00C04F79EFBC}") = "YAMBOLY.PORTALADMINISTRADOR.UDTCONFIGURATION", "YAMBOLY.PORTALADMINISTRADOR.UDTCONFIGURATION\YAMBOLY.PORTALADMINISTRADOR.UDTCONFIGURATION.csproj", "{DE44AA52-03B4-48AE-A992-6AB2790A418D}"
EndProject
Global
	GlobalSection(SolutionConfigurationPlatforms) = preSolution
		Debug|Any CPU = Debug|Any CPU
		Release|Any CPU = Release|Any CPU
	EndGlobalSection
	GlobalSection(ProjectConfigurationPlatforms) = postSolution
		{0A36DB95-F855-4869-AFB6-F553F2EFA83A}.Debug|Any CPU.ActiveCfg = Debug|Any CPU
		{0A36DB95-F855-4869-AFB6-F553F2EFA83A}.Debug|Any CPU.Build.0 = Debug|Any CPU
		{0A36DB95-F855-4869-AFB6-F553F2EFA83A}.Release|Any CPU.ActiveCfg = Release|Any CPU
		{0A36DB95-F855-4869-AFB6-F553F2EFA83A}.Release|Any CPU.Build.0 = Release|Any CPU
		{01132EBA-6A8D-4FF3-A47E-B7550466C3D8}.Debug|Any CPU.ActiveCfg = Debug|Any CPU
		{01132EBA-6A8D-4FF3-A47E-B7550466C3D8}.Debug|Any CPU.Build.0 = Debug|Any CPU
		{01132EBA-6A8D-4FF3-A47E-B7550466C3D8}.Release|Any CPU.ActiveCfg = Release|Any CPU
		{01132EBA-6A8D-4FF3-A47E-B7550466C3D8}.Release|Any CPU.Build.0 = Release|Any CPU
		{BE09D022-C81D-49B3-B6A5-225DEA39EBEB}.Debug|Any CPU.ActiveCfg = Debug|Any CPU
		{BE09D022-C81D-49B3-B6A5-225DEA39EBEB}.Debug|Any CPU.Build.0 = Debug|Any CPU
		{BE09D022-C81D-49B3-B6A5-225DEA39EBEB}.Release|Any CPU.ActiveCfg = Release|Any CPU
		{BE09D022-C81D-49B3-B6A5-225DEA39EBEB}.Release|Any CPU.Build.0 = Release|Any CPU
		{1A15690A-98AA-4D69-B319-3BF89E70F09F}.Debug|Any CPU.ActiveCfg = Debug|Any CPU
		{1A15690A-98AA-4D69-B319-3BF89E70F09F}.Debug|Any CPU.Build.0 = Debug|Any CPU
		{1A15690A-98AA-4D69-B319-3BF89E70F09F}.Release|Any CPU.ActiveCfg = Release|Any CPU
		{1A15690A-98AA-4D69-B319-3BF89E70F09F}.Release|Any CPU.Build.0 = Release|Any CPU
		{3AA328A4-C3B4-4C2D-BADE-9CF4955135D1}.Debug|Any CPU.ActiveCfg = Debug|Any CPU
		{3AA328A4-C3B4-4C2D-BADE-9CF4955135D1}.Debug|Any CPU.Build.0 = Debug|Any CPU
		{3AA328A4-C3B4-4C2D-BADE-9CF4955135D1}.Release|Any CPU.ActiveCfg = Release|Any CPU
		{3AA328A4-C3B4-4C2D-BADE-9CF4955135D1}.Release|Any CPU.Build.0 = Release|Any CPU
		{1B7806E5-E490-4174-ABB4-B6A62DFA6108}.Debug|Any CPU.ActiveCfg = Debug|Any CPU
		{1B7806E5-E490-4174-ABB4-B6A62DFA6108}.Debug|Any CPU.Build.0 = Debug|Any CPU
		{1B7806E5-E490-4174-ABB4-B6A62DFA6108}.Release|Any CPU.ActiveCfg = Release|Any CPU
		{1B7806E5-E490-4174-ABB4-B6A62DFA6108}.Release|Any CPU.Build.0 = Release|Any CPU
		{AB7F6A00-5682-4079-B658-D8393B668F0B}.Debug|Any CPU.ActiveCfg = Debug|Any CPU
		{AB7F6A00-5682-4079-B658-D8393B668F0B}.Debug|Any CPU.Build.0 = Debug|Any CPU
		{AB7F6A00-5682-4079-B658-D8393B668F0B}.Release|Any CPU.ActiveCfg = Release|Any CPU
		{AB7F6A00-5682-4079-B658-D8393B668F0B}.Release|Any CPU.Build.0 = Release|Any CPU
		{DE44AA52-03B4-48AE-A992-6AB2790A418D}.Debug|Any CPU.ActiveCfg = Debug|Any CPU
		{DE44AA52-03B4-48AE-A992-6AB2790A418D}.Debug|Any CPU.Build.0 = Debug|Any CPU
		{DE44AA52-03B4-48AE-A992-6AB2790A418D}.Release|Any CPU.ActiveCfg = Release|Any CPU
		{DE44AA52-03B4-48AE-A992-6AB2790A418D}.Release|Any CPU.Build.0 = Release|Any CPU
	EndGlobalSection
	GlobalSection(SolutionProperties) = preSolution
		HideSolutionNode = FALSE
	EndGlobalSection
	GlobalSection(ExtensibilityGlobals) = postSolution
		SolutionGuid = {8266EE64-C81F-4285-9722-706B7B817094}
	EndGlobalSection
EndGlobal
